
Microsoft Visual Studio Solution File, Format Version 12.00
# Visual Studio 15
VisualStudioVersion = 15.0.28307.329
MinimumVisualStudioVersion = 10.0.40219.1
Project("{FAE04EC0-301F-11D3-BF4B-00C04F79EFBC}") = "DateTimeEdit_sample", "DateTimeEdit_sample\DateTimeEdit_sample.csproj", "{05D029C7-AFF2-4B01-86F9-7B3437EE62F2}"
EndProject
Global
	GlobalSection(SolutionConfigurationPlatforms) = preSolution
		Debug|Any CPU = Debug|Any CPU
		Release|Any CPU = Release|Any CPU
	EndGlobalSection
	GlobalSection(ProjectConfigurationPlatforms) = postSolution
		{05D029C7-AFF2-4B01-86F9-7B3437EE62F2}.Debug|Any CPU.ActiveCfg = Debug|Any CPU
		{05D029C7-AFF2-4B01-86F9-7B3437EE62F2}.Debug|Any CPU.Build.0 = Debug|Any CPU
		{05D029C7-AFF2-4B01-86F9-7B3437EE62F2}.Release|Any CPU.ActiveCfg = Release|Any CPU
		{05D029C7-AFF2-4B01-86F9-7B3437EE62F2}.Release|Any CPU.Build.0 = Release|Any CPU
	EndGlobalSection
	GlobalSection(SolutionProperties) = preSolution
		HideSolutionNode = FALSE
	EndGlobalSection
	GlobalSection(ExtensibilityGlobals) = postSolution
		SolutionGuid = {3873B797-7EB5-4BC9-AC84-81DAE3B3C4A1}
	EndGlobalSection
EndGlobal
